github.com/splunk/hugo-theme-splunk-workshop v0.6.0 h1:emoiv6aCNhAfjVAe5zU4iQYgUj9rOAJ0dqCU5GswUZ4=
github.com/splunk/hugo-theme-splunk-workshop v0.6.0/go.mod h1:W41sA3uf5oTWqIUA1aUY4M0C/JEaMa0gV3CqVDs0ReA=
github.com/splunk/hugo-theme-splunk-workshop v0.6.1-0.20260520211006-af28df29dff1 h1:zINeisoDewdBJp6Ax63ZNlJI7xjSd8dbISZrt7UbYTs=
github.com/splunk/hugo-theme-splunk-workshop v0.6.1-0.20260520211006-af28df29dff1/go.mod h1:W41sA3uf5oTWqIUA1aUY4M0C/JEaMa0gV3CqVDs0ReA=
github.com/splunk/hugo-theme-splunk-workshop v0.6.1-0.20260521140525-2997e6a684d0 h1:7a6RxsK8U2oRLJsvztOewL0T7exfm1WKtMifQn3lP/U=
github.com/splunk/hugo-theme-splunk-workshop v0.6.1-0.20260521140525-2997e6a684d0/go.mod h1:W41sA3uf5oTWqIUA1aUY4M0C/JEaMa0gV3CqVDs0ReA=
github.com/splunk/hugo-theme-splunk-workshop v0.7.0 h1:ayXRuGxG7svSiqas68k5x466t4tSueXNSVWrT6zwWn4=
github.com/splunk/hugo-theme-splunk-workshop v0.7.0/go.mod h1:W41sA3uf5oTWqIUA1aUY4M0C/JEaMa0gV3CqVDs0ReA=
github.com/splunk/hugo-theme-splunk-workshop v0.7.1-0.20260521142450-2cad35cf36fe h1:J7xAF3q49C0unlL6YndAa0MpKJCtzCVjouaR9/mBVss=
github.com/splunk/hugo-theme-splunk-workshop v0.7.1-0.20260521142450-2cad35cf36fe/go.mod h1:W41sA3uf5oTWqIUA1aUY4M0C/JEaMa0gV3CqVDs0ReA=
github.com/splunk/hugo-theme-splunk-workshop v0.7.1-0.20260521143647-28b3caa5e69a h1:C8JjnqfYQkxyfEPTNiHeEPhNJJD7eepvZ1AkgeYVmBA=
github.com/splunk/hugo-theme-splunk-workshop v0.7.1-0.20260521143647-28b3caa5e69a/go.mod h1:W41sA3uf5oTWqIUA1aUY4M0C/JEaMa0gV3CqVDs0ReA=
github.com/splunk/hugo-theme-splunk-workshop v0.7.1-0.20260521145904-4ee8d47a5c3a h1:xsA1rsbYTvTiRdm74Q3gYOIcsf8/tsnjH+aim7dys14=
github.com/splunk/hugo-theme-splunk-workshop v0.7.1-0.20260521145904-4ee8d47a5c3a/go.mod h1:W41sA3uf5oTWqIUA1aUY4M0C/JEaMa0gV3CqVDs0ReA=
github.com/splunk/hugo-theme-splunk-workshop v0.7.1-0.20260521151233-46c46ab02f95 h1:Lxco20xyxKKzJey3KnNwEqi0D8Tosm3MUoIQP3xqBWo=
github.com/splunk/hugo-theme-splunk-workshop v0.7.1-0.20260521151233-46c46ab02f95/go.mod h1:W41sA3uf5oTWqIUA1aUY4M0C/JEaMa0gV3CqVDs0ReA=
github.com/splunk/hugo-theme-splunk-workshop v0.7.1-0.20260521152640-3339c2e9e068 h1:ftxU0tIwcYmmzAbRrHbyj/MH0YyJPoN/KnERpw7+oTI=
github.com/splunk/hugo-theme-splunk-workshop v0.7.1-0.20260521152640-3339c2e9e068/go.mod h1:W41sA3uf5oTWqIUA1aUY4M0C/JEaMa0gV3CqVDs0ReA=
github.com/splunk/hugo-theme-splunk-workshop v0.7.1-0.20260521153018-95804daca763 h1:b3sUgcQoKAclbrMsdLAqe5+S/CiZRqtaEfYo/HuUUMQ=
github.com/splunk/hugo-theme-splunk-workshop v0.7.1-0.20260521153018-95804daca763/go.mod h1:W41sA3uf5oTWqIUA1aUY4M0C/JEaMa0gV3CqVDs0ReA=
github.com/splunk/hugo-theme-splunk-workshop v0.7.1-0.20260521163014-11bc3a16856b h1:YSOkes8bGz0uXiIuRiupJT1rLjV4KdQT/F/rvt3TTQU=
github.com/splunk/hugo-theme-splunk-workshop v0.7.1-0.20260521163014-11bc3a16856b/go.mod h1:W41sA3uf5oTWqIUA1aUY4M0C/JEaMa0gV3CqVDs0ReA=
github.com/splunk/hugo-theme-splunk-workshop v0.7.1-0.20260521164028-5a0437045845 h1:GQvP5LM8xfRhqpJzIzmOXZmfVVcWkh9+BeBtoQfWbAE=
github.com/splunk/hugo-theme-splunk-workshop v0.7.1-0.20260521164028-5a0437045845/go.mod h1:W41sA3uf5oTWqIUA1aUY4M0C/JEaMa0gV3CqVDs0ReA=
github.com/splunk/hugo-theme-splunk-workshop v0.7.1-0.20260521164732-ad57a43263f5 h1:c2BWQjqdh9qqxxyurQ2cSeFVtWf3Ef3UTHpZa7GxAcM=
github.com/splunk/hugo-theme-splunk-workshop v0.7.1-0.20260521164732-ad57a43263f5/go.mod h1:W41sA3uf5oTWqIUA1aUY4M0C/JEaMa0gV3CqVDs0ReA=
github.com/splunk/hugo-theme-splunk-workshop v0.7.1-0.20260521165330-6cef2116e37e h1:Ftpg+vthwqdujP1fEuPFOWDoWbqUuV98ySNBhIDZpwQ=
github.com/splunk/hugo-theme-splunk-workshop v0.7.1-0.20260521165330-6cef2116e37e/go.mod h1:W41sA3uf5oTWqIUA1aUY4M0C/JEaMa0gV3CqVDs0ReA=
github.com/splunk/hugo-theme-splunk-workshop v0.7.1-0.20260521170041-9b1501ae0384 h1:nVHgMfGQXYAyCl3svGyk2QtHQ1xA4yFQuJGDNhCj//Q=
github.com/splunk/hugo-theme-splunk-workshop v0.7.1-0.20260521170041-9b1501ae0384/go.mod h1:W41sA3uf5oTWqIUA1aUY4M0C/JEaMa0gV3CqVDs0ReA=
github.com/splunk/hugo-theme-splunk-workshop v0.7.1-0.20260521174735-21103cd593f5 h1:uoO604EK31XWtzRaBT9R3rnHmEz6av3RiPLJxTDuFpM=
github.com/splunk/hugo-theme-splunk-workshop v0.7.1-0.20260521174735-21103cd593f5/go.mod h1:W41sA3uf5oTWqIUA1aUY4M0C/JEaMa0gV3CqVDs0ReA=
