github.com/McShelby/hugo-theme-relearn v0.0.0-20230214203931-8b2380da2dcc h1:6SA5dJP71ik1Ex4n+5+ngPx8eq6fU3P1EIyJUVvL4+w=
github.com/McShelby/hugo-theme-relearn v0.0.0-20230214203931-8b2380da2dcc/go.mod h1:mKQQdxZNIlLvAj8X3tMq+RzntIJSr9z7XdzuMomt0IM=
github.com/McShelby/hugo-theme-relearn v0.0.0-20230303193005-e619dabc51a1 h1:hGJYI84Tqtt5KMJlzyXH08ctE3M2Ygh1Tk4Mr0uYhfs=
github.com/McShelby/hugo-theme-relearn v0.0.0-20230303193005-e619dabc51a1/go.mod h1:mKQQdxZNIlLvAj8X3tMq+RzntIJSr9z7XdzuMomt0IM=
github.com/McShelby/hugo-theme-relearn v0.0.0-20230524182513-a135b2adb492 h1:VXmm38zqMcp9DF+7p7y/gdYCN3PBgPAJVXYgJKr/tRQ=
github.com/McShelby/hugo-theme-relearn v0.0.0-20230524182513-a135b2adb492/go.mod h1:mKQQdxZNIlLvAj8X3tMq+RzntIJSr9z7XdzuMomt0IM=
github.com/McShelby/hugo-theme-relearn v0.0.0-20230530160124-bbdaafd0d78d h1:1e8+ge1MQns8I5n0JoQDkNGDJjkdWwELjiWqCPJ2V2Y=
github.com/McShelby/hugo-theme-relearn v0.0.0-20230530160124-bbdaafd0d78d/go.mod h1:mKQQdxZNIlLvAj8X3tMq+RzntIJSr9z7XdzuMomt0IM=
github.com/McShelby/hugo-theme-relearn v0.0.0-20230531214427-61a3995389db h1:TchlitdK93iSmEViP0uBCUgwxCQmcynZPMKMjq6soxs=
github.com/McShelby/hugo-theme-relearn v0.0.0-20230531214427-61a3995389db/go.mod h1:mKQQdxZNIlLvAj8X3tMq+RzntIJSr9z7XdzuMomt0IM=
github.com/McShelby/hugo-theme-relearn v0.0.0-20230606183850-228ab819b917 h1:gswMg8P7Vat6bH6XJI2CanrTriro1ulh8zF7e7ed4Tk=
github.com/McShelby/hugo-theme-relearn v0.0.0-20230606183850-228ab819b917/go.mod h1:mKQQdxZNIlLvAj8X3tMq+RzntIJSr9z7XdzuMomt0IM=
github.com/McShelby/hugo-theme-relearn v0.0.0-20230609091118-35a4fd83ef76 h1:dGIPgufXJqXp0a4BrvaYOcF8vW6wF7SsfMXBGWbtm/g=
github.com/McShelby/hugo-theme-relearn v0.0.0-20230609091118-35a4fd83ef76/go.mod h1:mKQQdxZNIlLvAj8X3tMq+RzntIJSr9z7XdzuMomt0IM=
github.com/McShelby/hugo-theme-relearn v0.0.0-20230610122345-821002099413 h1:PzoTL2t7YfxPZXnIdtiGAg13b7tVD1sMp4lI0Wub/KI=
github.com/McShelby/hugo-theme-relearn v0.0.0-20230610122345-821002099413/go.mod h1:mKQQdxZNIlLvAj8X3tMq+RzntIJSr9z7XdzuMomt0IM=
github.com/McShelby/hugo-theme-relearn v0.0.0-20230621233412-7c42d47a73b8 h1:u1UgJLYLuZAJLWpOYcTwNZJnQALd/X1ZN8Vsa2UtP78=
github.com/McShelby/hugo-theme-relearn v0.0.0-20230621233412-7c42d47a73b8/go.mod h1:mKQQdxZNIlLvAj8X3tMq+RzntIJSr9z7XdzuMomt0IM=
github.com/McShelby/hugo-theme-relearn v0.0.0-20230622170510-61ccf4e42f4f h1:7SMp/lX1Hkv3pHEwJo8kH/95HCCpURtlg35EWcPFnBI=
github.com/McShelby/hugo-theme-relearn v0.0.0-20230622170510-61ccf4e42f4f/go.mod h1:mKQQdxZNIlLvAj8X3tMq+RzntIJSr9z7XdzuMomt0IM=
github.com/McShelby/hugo-theme-relearn v0.0.0-20230727192355-9221e7e07fee h1:VfJZkDTmbD5NjhzG1l6qI/tDP28AM5wJdrc0st4hC34=
github.com/McShelby/hugo-theme-relearn v0.0.0-20230727192355-9221e7e07fee/go.mod h1:mKQQdxZNIlLvAj8X3tMq+RzntIJSr9z7XdzuMomt0IM=
github.com/McShelby/hugo-theme-relearn v0.0.0-20230805123518-b2e841caaa33 h1:E4GrECVh7fzGdf+qedhpzCsqk80XUVkpE+u7KRiZ1Yc=
github.com/McShelby/hugo-theme-relearn v0.0.0-20230805123518-b2e841caaa33/go.mod h1:mKQQdxZNIlLvAj8X3tMq+RzntIJSr9z7XdzuMomt0IM=
github.com/McShelby/hugo-theme-relearn v0.0.0-20230813111742-cbfe2076cf2d h1:8VNVXikeQJ27TJ+CFELcso1WkThoTQ87lJGFACtojW8=
github.com/McShelby/hugo-theme-relearn v0.0.0-20230813111742-cbfe2076cf2d/go.mod h1:mKQQdxZNIlLvAj8X3tMq+RzntIJSr9z7XdzuMomt0IM=
github.com/McShelby/hugo-theme-relearn v0.0.0-20230831103423-e6b50128e4a1 h1:jVnWGhiij8S/7zfF6r/GAs8tAf4cSYkEF0QS7S7GWk8=
github.com/McShelby/hugo-theme-relearn v0.0.0-20230831103423-e6b50128e4a1/go.mod h1:mKQQdxZNIlLvAj8X3tMq+RzntIJSr9z7XdzuMomt0IM=
github.com/McShelby/hugo-theme-relearn v0.0.0-20230905210935-196188b7f3bd h1:FHkdcHbMLHnL/O417BeDylfczyHx5V2FGUPzp08DJxY=
github.com/McShelby/hugo-theme-relearn v0.0.0-20230905210935-196188b7f3bd/go.mod h1:mKQQdxZNIlLvAj8X3tMq+RzntIJSr9z7XdzuMomt0IM=
github.com/McShelby/hugo-theme-relearn v0.0.0-20230923232941-f8d0ec0b6e23 h1:t+4efm53a6hD/INLODrAYeLSU7DJSBNsGrBipc60gAU=
github.com/McShelby/hugo-theme-relearn v0.0.0-20230923232941-f8d0ec0b6e23/go.mod h1:mKQQdxZNIlLvAj8X3tMq+RzntIJSr9z7XdzuMomt0IM=
github.com/McShelby/hugo-theme-relearn v0.0.0-20231003001216-3dfa5d718ee6 h1:0ulV/5PRGW0DgKsQZjCCT4DHgry4OvRxSBLSwSoV2ec=
github.com/McShelby/hugo-theme-relearn v0.0.0-20231003001216-3dfa5d718ee6/go.mod h1:mKQQdxZNIlLvAj8X3tMq+RzntIJSr9z7XdzuMomt0IM=
github.com/McShelby/hugo-theme-relearn v0.0.0-20231005205328-bf788d8a3ee1 h1:CCaj3LZidChUmuFQTzaVDC3n4/1QX0MTfkbJoQTI/dI=
github.com/McShelby/hugo-theme-relearn v0.0.0-20231005205328-bf788d8a3ee1/go.mod h1:mKQQdxZNIlLvAj8X3tMq+RzntIJSr9z7XdzuMomt0IM=
github.com/McShelby/hugo-theme-relearn v0.0.0-20231009195226-f93d51f41fcc h1:RfRegErlk+XSzsKobsWyMplPq2TlQrGXC9+UVxCBCys=
github.com/McShelby/hugo-theme-relearn v0.0.0-20231009195226-f93d51f41fcc/go.mod h1:mKQQdxZNIlLvAj8X3tMq+RzntIJSr9z7XdzuMomt0IM=
github.com/McShelby/hugo-theme-relearn v0.0.0-20231010214034-06ab15275255 h1:vCBwYqtJoliiPb9Sxhm1OcxP/Wp0cP1jdLKEGe/5oQs=
github.com/McShelby/hugo-theme-relearn v0.0.0-20231010214034-06ab15275255/go.mod h1:mKQQdxZNIlLvAj8X3tMq+RzntIJSr9z7XdzuMomt0IM=
github.com/McShelby/hugo-theme-relearn v0.0.0-20231012213217-c2a71738e022 h1:8OoX9I3+d7Y8QC/d7VD4r0BEm/Bl5qhGobcg/pk//M4=
github.com/McShelby/hugo-theme-relearn v0.0.0-20231012213217-c2a71738e022/go.mod h1:mKQQdxZNIlLvAj8X3tMq+RzntIJSr9z7XdzuMomt0IM=
github.com/McShelby/hugo-theme-relearn v0.0.0-20231022223043-477aa95ae0c8 h1:5jTDbeewB0Wf0l2PQloT9cqSQC511sk4FTPi6s7XmDw=
github.com/McShelby/hugo-theme-relearn v0.0.0-20231022223043-477aa95ae0c8/go.mod h1:mKQQdxZNIlLvAj8X3tMq+RzntIJSr9z7XdzuMomt0IM=
github.com/McShelby/hugo-theme-relearn v0.0.0-20231024204934-d2583cf498f8 h1:w/6A+aVGbmeKAdzHTc8I00wEPlx3oHrBgGHvyVOzUWw=
github.com/McShelby/hugo-theme-relearn v0.0.0-20231024204934-d2583cf498f8/go.mod h1:mKQQdxZNIlLvAj8X3tMq+RzntIJSr9z7XdzuMomt0IM=
github.com/McShelby/hugo-theme-relearn v0.0.0-20231026225548-2245d8050a5b h1:HrlODjO2ViO6BnDQfLEDk3yx1kpIbs8/IGIbgflq4p0=
github.com/McShelby/hugo-theme-relearn v0.0.0-20231026225548-2245d8050a5b/go.mod h1:mKQQdxZNIlLvAj8X3tMq+RzntIJSr9z7XdzuMomt0IM=
github.com/McShelby/hugo-theme-relearn v0.0.0-20231030182804-162554fd7815 h1:zlKkiWaQOX1+bXeAtaN2xIGSdrZd8BcBB/IBvPkLwIM=
github.com/McShelby/hugo-theme-relearn v0.0.0-20231030182804-162554fd7815/go.mod h1:mKQQdxZNIlLvAj8X3tMq+RzntIJSr9z7XdzuMomt0IM=
github.com/McShelby/hugo-theme-relearn v0.0.0-20231101211939-4ebb6d9eac3b h1:bChtCft0cM8U5lItS7Tuv8HiTxoQaxhLAEFGspNLYJ0=
github.com/McShelby/hugo-theme-relearn v0.0.0-20231101211939-4ebb6d9eac3b/go.mod h1:mKQQdxZNIlLvAj8X3tMq+RzntIJSr9z7XdzuMomt0IM=
github.com/McShelby/hugo-theme-relearn v0.0.0-20231104002335-fd9f3e513159 h1:E+vxEZ0B9EOUAmOIbccGmrmeBgD4NR36yN9PgRq3BUg=
github.com/McShelby/hugo-theme-relearn v0.0.0-20231104002335-fd9f3e513159/go.mod h1:mKQQdxZNIlLvAj8X3tMq+RzntIJSr9z7XdzuMomt0IM=
github.com/McShelby/hugo-theme-relearn v0.0.0-20231116235917-1f7a2aa19ae8 h1:2pzbRad/2eaDz2SsigM+9Xry8GwYFb6zMZAAdtmpJDI=
github.com/McShelby/hugo-theme-relearn v0.0.0-20231116235917-1f7a2aa19ae8/go.mod h1:mKQQdxZNIlLvAj8X3tMq+RzntIJSr9z7XdzuMomt0IM=
github.com/McShelby/hugo-theme-relearn v0.0.0-20240224155253-7e83840a20d8 h1:Z1WhPDVPsoXWcgqZUlU8X71m3yQJ4HW0+/inZwoLt44=
github.com/McShelby/hugo-theme-relearn v0.0.0-20240224155253-7e83840a20d8/go.mod h1:mKQQdxZNIlLvAj8X3tMq+RzntIJSr9z7XdzuMomt0IM=
github.com/McShelby/hugo-theme-relearn v0.0.0-20240229195155-8b46dae031c1 h1:hAmQ1QYisNN/2LX8/F+9deQW47RSJVmkxKP0Vwopowk=
github.com/McShelby/hugo-theme-relearn v0.0.0-20240229195155-8b46dae031c1/go.mod h1:mKQQdxZNIlLvAj8X3tMq+RzntIJSr9z7XdzuMomt0IM=
