Microsoft Visual Studio Solution File, Format Version 12.00
# Visual Studio Version 17
VisualStudioVersion = 17.5.2.0
MinimumVisualStudioVersion = 10.0.40219.1
Project("{2150E333-8FDC-42A3-9474-1A3956D46DE8}") = "workshop", "workshop", "{2FB3DC77-AF68-536B-2541-271BB767B72D}"
EndProject
Project("{2150E333-8FDC-42A3-9474-1A3956D46DE8}") = "docker-k8s-otel", "docker-k8s-otel", "{5195D479-F9BA-E4D6-7FE1-6CA23478E4A0}"
EndProject
Project("{FAE04EC0-301F-11D3-BF4B-00C04F79EFBC}") = "helloworld", "workshop\docker-k8s-otel\helloworld\helloworld.csproj", "{F40D10CA-765F-346C-FC91-D3C98CAAB2E4}"
EndProject
Global
	GlobalSection(SolutionConfigurationPlatforms) = preSolution
		Debug|Any CPU = Debug|Any CPU
		Release|Any CPU = Release|Any CPU
	EndGlobalSection
	GlobalSection(ProjectConfigurationPlatforms) = postSolution
		{F40D10CA-765F-346C-FC91-D3C98CAAB2E4}.Debug|Any CPU.ActiveCfg = Debug|Any CPU
		{F40D10CA-765F-346C-FC91-D3C98CAAB2E4}.Debug|Any CPU.Build.0 = Debug|Any CPU
		{F40D10CA-765F-346C-FC91-D3C98CAAB2E4}.Release|Any CPU.ActiveCfg = Release|Any CPU
		{F40D10CA-765F-346C-FC91-D3C98CAAB2E4}.Release|Any CPU.Build.0 = Release|Any CPU
	EndGlobalSection
	GlobalSection(SolutionProperties) = preSolution
		HideSolutionNode = FALSE
	EndGlobalSection
	GlobalSection(NestedProjects) = preSolution
		{5195D479-F9BA-E4D6-7FE1-6CA23478E4A0} = {2FB3DC77-AF68-536B-2541-271BB767B72D}
		{F40D10CA-765F-346C-FC91-D3C98CAAB2E4} = {5195D479-F9BA-E4D6-7FE1-6CA23478E4A0}
	EndGlobalSection
	GlobalSection(ExtensibilityGlobals) = postSolution
		SolutionGuid = {401B9BA6-3FA4-46FB-B4D5-3C8ECACE1D20}
	EndGlobalSection
EndGlobal
