
Microsoft Visual Studio Solution File, Format Version 12.00
# Visual Studio Version 17
VisualStudioVersion = 17.5.002.0
MinimumVisualStudioVersion = 10.0.40219.1
Project("{2150E333-8FDC-42A3-9474-1A3956D46DE8}") = "workshop", "workshop", "{1A1A184E-44E4-43FC-B471-EF5C64735EED}"
EndProject
Project("{2150E333-8FDC-42A3-9474-1A3956D46DE8}") = "docker-k8s-otel", "docker-k8s-otel", "{9C8CABD0-A5A8-4352-A6FB-C2238A440B21}"
EndProject
Project("{9A19103F-16F7-4668-BE54-9A1E7A4F7556}") = "helloworld", "workshop\docker-k8s-otel\helloworld\helloworld.csproj", "{AD4DD6A9-10F0-40CC-BE4C-581FE671DB17}"
EndProject
Global
	GlobalSection(SolutionConfigurationPlatforms) = preSolution
		Debug|Any CPU = Debug|Any CPU
		Release|Any CPU = Release|Any CPU
	EndGlobalSection
	GlobalSection(ProjectConfigurationPlatforms) = postSolution
		{AD4DD6A9-10F0-40CC-BE4C-581FE671DB17}.Debug|Any CPU.ActiveCfg = Debug|Any CPU
		{AD4DD6A9-10F0-40CC-BE4C-581FE671DB17}.Debug|Any CPU.Build.0 = Debug|Any CPU
		{AD4DD6A9-10F0-40CC-BE4C-581FE671DB17}.Release|Any CPU.ActiveCfg = Release|Any CPU
		{AD4DD6A9-10F0-40CC-BE4C-581FE671DB17}.Release|Any CPU.Build.0 = Release|Any CPU
	EndGlobalSection
	GlobalSection(SolutionProperties) = preSolution
		HideSolutionNode = FALSE
	EndGlobalSection
	GlobalSection(NestedProjects) = preSolution
		{9C8CABD0-A5A8-4352-A6FB-C2238A440B21} = {1A1A184E-44E4-43FC-B471-EF5C64735EED}
		{AD4DD6A9-10F0-40CC-BE4C-581FE671DB17} = {9C8CABD0-A5A8-4352-A6FB-C2238A440B21}
	EndGlobalSection
	GlobalSection(ExtensibilityGlobals) = postSolution
		SolutionGuid = {6C8C935E-A8E8-4DA3-88BD-C0D9D276A7F8}
	EndGlobalSection
EndGlobal
